{
  "name": "xsdvalidatordi",
  "version": "1.0.0",
  "lockfileVersion": 2,
  "requires": true,
  "packages": {
    "": {
      "name": "xsdvalidatordi",
      "version": "1.0.0",
      "license": "ISC",
      "dependencies": {
        "@progress/kendo-ui": "^2023.1.412-internal",
        "kendo-ui-core": "^2023.1.425"
      }
    },
    "node_modules/@progress/kendo-ui": {
      "version": "2023.1.412-internal",
      "resolved": "https://registry.npmjs.org/@progress/kendo-ui/-/kendo-ui-2023.1.412-internal.tgz",
      "integrity": "sha512-Nwk/SpMTpjsh3mfvqGqH7Xz+04YcDdA4cgSkV4Yv67uehKEAVLhopUid0x/9d8WY8jwbeKUHj0A9VefSzKtgLw==",
      "dependencies": {
        "jquery": "1.10.0 - 3.6"
      }
    },
    "node_modules/jquery": {
      "version": "3.6.4",
      "resolved": "https://registry.npmjs.org/jquery/-/jquery-3.6.4.tgz",
      "integrity": "sha512-v28EW9DWDFpzcD9O5iyJXg3R3+q+mET5JhnjJzQUZMHOv67bpSIHq81GEYpPNZHG+XXHsfSme3nxp/hndKEcsQ=="
    },
    "node_modules/kendo-ui-core": {
      "version": "2023.1.425",
      "resolved": "https://registry.npmjs.org/kendo-ui-core/-/kendo-ui-core-2023.1.425.tgz",
      "integrity": "sha512-1J1pzqaGYepetraJy9egTHbWZ1lY+bPRwYsLxpinFwzRxvuLLyfNyZF++8ebuRu+Dt4MeEQjHbQ0T5ZTEmSukA==",
      "dependencies": {
        "jquery": "1.10.0 - 3.6"
      }
    }
  },
  "dependencies": {
    "@progress/kendo-ui": {
      "version": "2023.1.412-internal",
      "resolved": "https://registry.npmjs.org/@progress/kendo-ui/-/kendo-ui-2023.1.412-internal.tgz",
      "integrity": "sha512-Nwk/SpMTpjsh3mfvqGqH7Xz+04YcDdA4cgSkV4Yv67uehKEAVLhopUid0x/9d8WY8jwbeKUHj0A9VefSzKtgLw==",
      "requires": {
        "jquery": "1.10.0 - 3.6"
      }
    },
    "jquery": {
      "version": "3.6.4",
      "resolved": "https://registry.npmjs.org/jquery/-/jquery-3.6.4.tgz",
      "integrity": "sha512-v28EW9DWDFpzcD9O5iyJXg3R3+q+mET5JhnjJzQUZMHOv67bpSIHq81GEYpPNZHG+XXHsfSme3nxp/hndKEcsQ=="
    },
    "kendo-ui-core": {
      "version": "2023.1.425",
      "resolved": "https://registry.npmjs.org/kendo-ui-core/-/kendo-ui-core-2023.1.425.tgz",
      "integrity": "sha512-1J1pzqaGYepetraJy9egTHbWZ1lY+bPRwYsLxpinFwzRxvuLLyfNyZF++8ebuRu+Dt4MeEQjHbQ0T5ZTEmSukA==",
      "requires": {
        "jquery": "1.10.0 - 3.6"
      }
    }
  }
}
